
Microsoft Visual Studio Solution File, Format Version 12.00
# Visual Studio 15
VisualStudioVersion = 15.0.27703.2026
MinimumVisualStudioVersion = 10.0.40219.1
Project("{FAE04EC0-301F-11D3-BF4B-00C04F79EFBC}") = "winTest1", "winTest1\winTest1.csproj", "{380E910C-9A0F-4176-BAB1-393046E2D5C2}"
EndProject
Global
	GlobalSection(SolutionConfigurationPlatforms) = preSolution
		Debug|Any CPU = Debug|Any CPU
		Release|Any CPU = Release|Any CPU
	EndGlobalSection
	GlobalSection(ProjectConfigurationPlatforms) = postSolution
		{380E910C-9A0F-4176-BAB1-393046E2D5C2}.Debug|Any CPU.ActiveCfg = Debug|Any CPU
		{380E910C-9A0F-4176-BAB1-393046E2D5C2}.Debug|Any CPU.Build.0 = Debug|Any CPU
		{380E910C-9A0F-4176-BAB1-393046E2D5C2}.Release|Any CPU.ActiveCfg = Release|Any CPU
		{380E910C-9A0F-4176-BAB1-393046E2D5C2}.Release|Any CPU.Build.0 = Release|Any CPU
	EndGlobalSection
	GlobalSection(SolutionProperties) = preSolution
		HideSolutionNode = FALSE
	EndGlobalSection
	GlobalSection(ExtensibilityGlobals) = postSolution
		SolutionGuid = {8747B17F-333E-489F-A427-7658021CB2F9}
	EndGlobalSection
EndGlobal
